
Microsoft Visual Studio Solution File, Format Version 12.00
# Visual Studio 14
VisualStudioVersion = 14.0.25420.1
MinimumVisualStudioVersion = 10.0.40219.1
Project("{FAE04EC0-301F-11D3-BF4B-00C04F79EFBC}") = "FindThePath", "FindThePath.csproj", "{62563F75-8BA5-40FB-9E6C-37AFEDAAC774}"
EndProject
Project("{FAE04EC0-301F-11D3-BF4B-00C04F79EFBC}") = "FindThePath.UnitTests", "..\FindThePath.UnitTests\FindThePath.UnitTests.csproj", "{AFB91AD1-0375-4A1A-B242-D165A8F678F3}"
EndProject
Global
	GlobalSection(SolutionConfigurationPlatforms) = preSolution
		Debug|Any CPU = Debug|Any CPU
		Release|Any CPU = Release|Any CPU
	EndGlobalSection
	GlobalSection(ProjectConfigurationPlatforms) = postSolution
		{62563F75-8BA5-40FB-9E6C-37AFEDAAC774}.Debug|Any CPU.ActiveCfg = Debug|Any CPU
		{62563F75-8BA5-40FB-9E6C-37AFEDAAC774}.Debug|Any CPU.Build.0 = Debug|Any CPU
		{62563F75-8BA5-40FB-9E6C-37AFEDAAC774}.Release|Any CPU.ActiveCfg = Release|Any CPU
		{62563F75-8BA5-40FB-9E6C-37AFEDAAC774}.Release|Any CPU.Build.0 = Release|Any CPU
		{AFB91AD1-0375-4A1A-B242-D165A8F678F3}.Debug|Any CPU.ActiveCfg = Debug|Any CPU
		{AFB91AD1-0375-4A1A-B242-D165A8F678F3}.Debug|Any CPU.Build.0 = Debug|Any CPU
		{AFB91AD1-0375-4A1A-B242-D165A8F678F3}.Release|Any CPU.ActiveCfg = Release|Any CPU
		{AFB91AD1-0375-4A1A-B242-D165A8F678F3}.Release|Any CPU.Build.0 = Release|Any CPU
	EndGlobalSection
	GlobalSection(SolutionProperties) = preSolution
		HideSolutionNode = FALSE
	EndGlobalSection
EndGlobal
